
Microsoft Visual Studio Solution File, Format Version 12.00
# Visual Studio Version 16
VisualStudioVersion = 16.0.30717.126
MinimumVisualStudioVersion = 10.0.40219.1
Project("{9A19103F-16F7-4668-BE54-9A1E7A4F7556}") = "WebApplication7", "WebApplication7\WebApplication7.csproj", "{5141B310-CB63-4DE9-A21E-ABD12CD4DBD3}"
EndProject
Global
	GlobalSection(SolutionConfigurationPlatforms) = preSolution
		Debug|Any CPU = Debug|Any CPU
		Release|Any CPU = Release|Any CPU
	EndGlobalSection
	GlobalSection(ProjectConfigurationPlatforms) = postSolution
		{5141B310-CB63-4DE9-A21E-ABD12CD4DBD3}.Debug|Any CPU.ActiveCfg = Debug|Any CPU
		{5141B310-CB63-4DE9-A21E-ABD12CD4DBD3}.Debug|Any CPU.Build.0 = Debug|Any CPU
		{5141B310-CB63-4DE9-A21E-ABD12CD4DBD3}.Release|Any CPU.ActiveCfg = Release|Any CPU
		{5141B310-CB63-4DE9-A21E-ABD12CD4DBD3}.Release|Any CPU.Build.0 = Release|Any CPU
	EndGlobalSection
	GlobalSection(SolutionProperties) = preSolution
		HideSolutionNode = FALSE
	EndGlobalSection
	GlobalSection(ExtensibilityGlobals) = postSolution
		SolutionGuid = {989A16DB-08B6-4B42-8143-599703788E4C}
	EndGlobalSection
EndGlobal
